
Microsoft Visual Studio Solution File, Format Version 12.00
# Visual Studio Version 16
VisualStudioVersion = 16.0.29609.76
MinimumVisualStudioVersion = 10.0.40219.1
Project("{9A19103F-16F7-4668-BE54-9A1E7A4F7556}") = "Sannel.House.Base.MQTT", "src\Sannel.House.Base.MQTT\Sannel.House.Base.MQTT.csproj", "{14CF1160-CA89-4D9B-B3BF-3972A3F58A61}"
EndProject
Project("{2150E333-8FDC-42A3-9474-1A3956D46DE8}") = "Solution Items", "Solution Items", "{F6E589F2-DB1E-4ABD-ADD9-29293247E40D}"
	ProjectSection(SolutionItems) = preProject
		.editorconfig = .editorconfig
		azure-pipelines.yml = azure-pipelines.yml
		Directory.Build.props = Directory.Build.props
		readme.md = readme.md
	EndProjectSection
EndProject
Project("{9A19103F-16F7-4668-BE54-9A1E7A4F7556}") = "Sannel.House.Base.MQTT.Tests", "src\Sannel.House.Base.MQTT.Tests\Sannel.House.Base.MQTT.Tests.csproj", "{4766FEFE-28AE-4109-A5BE-FE9C2EADB4A0}"
EndProject
Global
	GlobalSection(SolutionConfigurationPlatforms) = preSolution
		Debug|Any CPU = Debug|Any CPU
		Release|Any CPU = Release|Any CPU
	EndGlobalSection
	GlobalSection(ProjectConfigurationPlatforms) = postSolution
		{14CF1160-CA89-4D9B-B3BF-3972A3F58A61}.Debug|Any CPU.ActiveCfg = Debug|Any CPU
		{14CF1160-CA89-4D9B-B3BF-3972A3F58A61}.Debug|Any CPU.Build.0 = Debug|Any CPU
		{14CF1160-CA89-4D9B-B3BF-3972A3F58A61}.Release|Any CPU.ActiveCfg = Release|Any CPU
		{14CF1160-CA89-4D9B-B3BF-3972A3F58A61}.Release|Any CPU.Build.0 = Release|Any CPU
		{4766FEFE-28AE-4109-A5BE-FE9C2EADB4A0}.Debug|Any CPU.ActiveCfg = Debug|Any CPU
		{4766FEFE-28AE-4109-A5BE-FE9C2EADB4A0}.Debug|Any CPU.Build.0 = Debug|Any CPU
		{4766FEFE-28AE-4109-A5BE-FE9C2EADB4A0}.Release|Any CPU.ActiveCfg = Release|Any CPU
		{4766FEFE-28AE-4109-A5BE-FE9C2EADB4A0}.Release|Any CPU.Build.0 = Release|Any CPU
	EndGlobalSection
	GlobalSection(SolutionProperties) = preSolution
		HideSolutionNode = FALSE
	EndGlobalSection
	GlobalSection(ExtensibilityGlobals) = postSolution
		SolutionGuid = {2AAAE196-FA92-4FBD-BB2E-2A1817CD7985}
	EndGlobalSection
EndGlobal
